
Microsoft Visual Studio Solution File, Format Version 12.00
# Visual Studio 15
VisualStudioVersion = 15.0.27004.2006
MinimumVisualStudioVersion = 10.0.40219.1
Project("{FAE04EC0-301F-11D3-BF4B-00C04F79EFBC}") = "LibraryEleksHW1", "LibraryEleksHW1\LibraryEleksHW1.csproj", "{FE4CA29C-F71A-4C0D-B821-06B8CBEBC420}"
EndProject
Global
	GlobalSection(SolutionConfigurationPlatforms) = preSolution
		Debug|Any CPU = Debug|Any CPU
		Release|Any CPU = Release|Any CPU
	EndGlobalSection
	GlobalSection(ProjectConfigurationPlatforms) = postSolution
		{FE4CA29C-F71A-4C0D-B821-06B8CBEBC420}.Debug|Any CPU.ActiveCfg = Debug|Any CPU
		{FE4CA29C-F71A-4C0D-B821-06B8CBEBC420}.Debug|Any CPU.Build.0 = Debug|Any CPU
		{FE4CA29C-F71A-4C0D-B821-06B8CBEBC420}.Release|Any CPU.ActiveCfg = Release|Any CPU
		{FE4CA29C-F71A-4C0D-B821-06B8CBEBC420}.Release|Any CPU.Build.0 = Release|Any CPU
	EndGlobalSection
	GlobalSection(SolutionProperties) = preSolution
		HideSolutionNode = FALSE
	EndGlobalSection
	GlobalSection(ExtensibilityGlobals) = postSolution
		SolutionGuid = {5A12BC0B-F4E7-4C69-B82A-63AC00F20EE2}
	EndGlobalSection
EndGlobal
